
Microsoft Visual Studio Solution File, Format Version 12.00
# Visual Studio Version 17
VisualStudioVersion = 17.13.35931.197 d17.13
MinimumVisualStudioVersion = 10.0.40219.1
Project("{FAE04EC0-301F-11D3-BF4B-00C04F79EFBC}") = "Demo_wf", "Demo_wf\Demo_wf.csproj", "{3E14ED29-ED4D-4406-979D-F83FBDEB19DF}"
EndProject
Global
	GlobalSection(SolutionConfigurationPlatforms) = preSolution
		Debug|Any CPU = Debug|Any CPU
		Release|Any CPU = Release|Any CPU
	EndGlobalSection
	GlobalSection(ProjectConfigurationPlatforms) = postSolution
		{3E14ED29-ED4D-4406-979D-F83FBDEB19DF}.Debug|Any CPU.ActiveCfg = Debug|Any CPU
		{3E14ED29-ED4D-4406-979D-F83FBDEB19DF}.Debug|Any CPU.Build.0 = Debug|Any CPU
		{3E14ED29-ED4D-4406-979D-F83FBDEB19DF}.Release|Any CPU.ActiveCfg = Release|Any CPU
		{3E14ED29-ED4D-4406-979D-F83FBDEB19DF}.Release|Any CPU.Build.0 = Release|Any CPU
	EndGlobalSection
	GlobalSection(SolutionProperties) = preSolution
		HideSolutionNode = FALSE
	EndGlobalSection
	GlobalSection(ExtensibilityGlobals) = postSolution
		SolutionGuid = {A5902D4C-1905-4BD8-89B6-012B249E6473}
	EndGlobalSection
EndGlobal
