
Microsoft Visual Studio Solution File, Format Version 12.00
# Visual Studio Version 17
VisualStudioVersion = 17.13.35931.197 d17.13
MinimumVisualStudioVersion = 10.0.40219.1
Project("{FAE04EC0-301F-11D3-BF4B-00C04F79EFBC}") = "Bai2", "Bai2\Bai2.csproj", "{330FE40C-1DE9-4A36-99A7-A06641F50D0E}"
EndProject
Global
	GlobalSection(SolutionConfigurationPlatforms) = preSolution
		Debug|Any CPU = Debug|Any CPU
		Release|Any CPU = Release|Any CPU
	EndGlobalSection
	GlobalSection(ProjectConfigurationPlatforms) = postSolution
		{330FE40C-1DE9-4A36-99A7-A06641F50D0E}.Debug|Any CPU.ActiveCfg = Debug|Any CPU
		{330FE40C-1DE9-4A36-99A7-A06641F50D0E}.Debug|Any CPU.Build.0 = Debug|Any CPU
		{330FE40C-1DE9-4A36-99A7-A06641F50D0E}.Release|Any CPU.ActiveCfg = Release|Any CPU
		{330FE40C-1DE9-4A36-99A7-A06641F50D0E}.Release|Any CPU.Build.0 = Release|Any CPU
	EndGlobalSection
	GlobalSection(SolutionProperties) = preSolution
		HideSolutionNode = FALSE
	EndGlobalSection
	GlobalSection(ExtensibilityGlobals) = postSolution
		SolutionGuid = {CD170A56-EFBE-4E61-86DE-E051BF482DE0}
	EndGlobalSection
EndGlobal
